
Microsoft Visual Studio Solution File, Format Version 12.00
# Visual Studio Version 17
VisualStudioVersion = 17.2.32519.379
MinimumVisualStudioVersion = 10.0.40219.1
Project("{FAE04EC0-301F-11D3-BF4B-00C04F79EFBC}") = "Tabuada", "Tabuada.csproj", "{4F49AAA4-56B5-44B6-915B-3789749379AB}"
EndProject
Global
	GlobalSection(SolutionConfigurationPlatforms) = preSolution
		Debug|Any CPU = Debug|Any CPU
		Release|Any CPU = Release|Any CPU
	EndGlobalSection
	GlobalSection(ProjectConfigurationPlatforms) = postSolution
		{4F49AAA4-56B5-44B6-915B-3789749379AB}.Debug|Any CPU.ActiveCfg = Debug|Any CPU
		{4F49AAA4-56B5-44B6-915B-3789749379AB}.Debug|Any CPU.Build.0 = Debug|Any CPU
		{4F49AAA4-56B5-44B6-915B-3789749379AB}.Release|Any CPU.ActiveCfg = Release|Any CPU
		{4F49AAA4-56B5-44B6-915B-3789749379AB}.Release|Any CPU.Build.0 = Release|Any CPU
	EndGlobalSection
	GlobalSection(SolutionProperties) = preSolution
		HideSolutionNode = FALSE
	EndGlobalSection
	GlobalSection(ExtensibilityGlobals) = postSolution
		SolutionGuid = {D474AD48-D98D-48AD-BCE2-CE7284304683}
	EndGlobalSection
EndGlobal
